{
  "nodes": {
    "nixos-2311": {
      "locked": {
        "lastModified": 1720535198,
        "narHash": "sha256-zwVvxrdIzralnSbcpghA92tWu2DV2lwv89xZc8MTrbg=",
        "owner": "NixOS",
        "repo": "nixpkgs",
        "rev": "205fd4226592cc83fd4c0885a3e4c9c400efabb5",
        "type": "github"
      },
      "original": {
        "owner": "NixOS",
        "ref": "release-23.11",
        "repo": "nixpkgs",
        "type": "github"
      }
    },
    "nixos-unstable": {
      "locked": {
        "lastModified": 1737274611,
        "narHash": "sha256-tmD7875tu1P0UvhI3Q/fXvIe8neJo7H9ZrPQ+QF7Q3E=",
        "owner": "NixOS",
        "repo": "nixpkgs",
        "rev": "50165c4f7eb48ce82bd063e1fb8047a0f515f8ce",
        "type": "github"
      },
      "original": {
        "owner": "NixOS",
        "ref": "nixos-unstable-small",
        "repo": "nixpkgs",
        "type": "github"
      }
    },
    "root": {
      "inputs": {
        "nixos-2311": "nixos-2311",
        "nixos-unstable": "nixos-unstable"
      }
    }
  },
  "root": "root",
  "version": 7
}
